// !$*UTF8*$!
{
	archiveVersion = 1;
	classes = {
	};
	objectVersion = 51;
	objects = {

/* Begin PBXBuildFile section */
		9B3BF3CBBE93C71C6F30C258 /* Pods_bluetooth_app_simo.framework in Frameworks */ = {isa = PBXBuildFile; fileRef = 2DA157FB939578C8D2AE35DD /* Pods_bluetooth_app_simo.framework */; };
		9B3D0E572432A51F004AF8BC /* AppDelegate.swift in Sources */ = {isa = PBXBuildFile; fileRef = 9B3D0E562432A51F004AF8BC /* AppDelegate.swift */; };
		9B3D0E592432A51F004AF8BC /* SceneDelegate.swift in Sources */ = {isa = PBXBuildFile; fileRef = 9B3D0E582432A51F004AF8BC /* SceneDelegate.swift */; };
		9B3D0E5B2432A51F004AF8BC /* ViewController.swift in Sources */ = {isa = PBXBuildFile; fileRef = 9B3D0E5A2432A51F004AF8BC /* ViewController.swift */; };
		9B3D0E5E2432A51F004AF8BC /* Main.storyboard in Resources */ = {isa = PBXBuildFile; fileRef = 9B3D0E5C2432A51F004AF8BC /* Main.storyboard */; };
		9B3D0E602432A522004AF8BC /* Assets.xcassets in Resources */ = {isa = PBXBuildFile; fileRef = 9B3D0E5F2432A522004AF8BC /* Assets.xcassets */; };
		9B3D0E632432A522004AF8BC /* LaunchScreen.storyboard in Resources */ = {isa = PBXBuildFile; fileRef = 9B3D0E612432A522004AF8BC /* LaunchScreen.storyboard */; };
		9B3D0E6E2432A522004AF8BC /* bluetooth_app_simoTests.swift in Sources */ = {isa = PBXBuildFile; fileRef = 9B3D0E6D2432A522004AF8BC /* bluetooth_app_simoTests.swift */; };
		9B3D0E7B2432A572004AF8BC /* LoginViewController.swift in Sources */ = {isa = PBXBuildFile; fileRef = 9B3D0E7A2432A572004AF8BC /* LoginViewController.swift */; };
		9B3D0E7D2432A57F004AF8BC /* HomeViewController.swift in Sources */ = {isa = PBXBuildFile; fileRef = 9B3D0E7C2432A57F004AF8BC /* HomeViewController.swift */; };
		9B3D0E8124336D70004AF8BC /* Utilities.swift in Sources */ = {isa = PBXBuildFile; fileRef = 9B3D0E8024336D70004AF8BC /* Utilities.swift */; };
		9B42264D2433EA7100FF8989 /* GoogleService-Info.plist in Resources */ = {isa = PBXBuildFile; fileRef = 9B42264C2433EA7100FF8989 /* GoogleService-Info.plist */; };
		9B42264F2433F98700FF8989 /* constants.swift in Sources */ = {isa = PBXBuildFile; fileRef = 9B42264E2433F98700FF8989 /* constants.swift */; };
		9BBCD6892434BF68006B8243 /* SignUpViewController.swift in Sources */ = {isa = PBXBuildFile; fileRef = 9BBCD6882434BF68006B8243 /* SignUpViewController.swift */; };
/* End PBXBuildFile section */

/* Begin PBXContainerItemProxy section */
		9B3D0E6A2432A522004AF8BC /* PBXContainerItemProxy */ = {
			isa = PBXContainerItemProxy;
			containerPortal = 9B3D0E4B2432A51F004AF8BC /* Project object */;
			proxyType = 1;
			remoteGlobalIDString = 9B3D0E522432A51F004AF8BC;
			remoteInfo = bluetooth_app_simo;
		};
/* End PBXContainerItemProxy section */

/* Begin PBXFileReference section */
		1A97580693A21354E938218B /* Pods-bluetooth_app_simo.release.xcconfig */ = {isa = PBXFileReference; includeInIndex = 1; lastKnownFileType = text.xcconfig; name = "Pods-bluetooth_app_simo.release.xcconfig"; path = "Target Support Files/Pods-bluetooth_app_simo/Pods-bluetooth_app_simo.release.xcconfig"; sourceTree = "<group>"; };
		2DA157FB939578C8D2AE35DD /* Pods_bluetooth_app_simo.framework */ = {isa = PBXFileReference; explicitFileType = wrapper.framework; includeInIndex = 0; path = Pods_bluetooth_app_simo.framework; sourceTree = BUILT_PRODUCTS_DIR; };
		9B3D0E532432A51F004AF8BC /* bluetooth_app.app */ = {isa = PBXFileReference; explicitFileType = wrapper.application; includeInIndex = 0; path = bluetooth_app.app; sourceTree = BUILT_PRODUCTS_DIR; };
		9B3D0E562432A51F004AF8BC /* AppDelegate.swift */ = {isa = PBXFileReference; lastKnownFileType = sourcecode.swift; path = AppDelegate.swift; sourceTree = "<group>"; };
		9B3D0E582432A51F004AF8BC /* SceneDelegate.swift */ = {isa = PBXFileReference; lastKnownFileType = sourcecode.swift; path = SceneDelegate.swift; sourceTree = "<group>"; };
		9B3D0E5A2432A51F004AF8BC /* ViewController.swift */ = {isa = PBXFileReference; lastKnownFileType = sourcecode.swift; path = ViewController.swift; sourceTree = "<group>"; };
		9B3D0E5D2432A51F004AF8BC /* Base */ = {isa = PBXFileReference; lastKnownFileType = file.storyboard; name = Base; path = Base.lproj/Main.storyboard; sourceTree = "<group>"; };
		9B3D0E5F2432A522004AF8BC /* Assets.xcassets */ = {isa = PBXFileReference; lastKnownFileType = folder.assetcatalog; path = Assets.xcassets; sourceTree = "<group>"; };
		9B3D0E622432A522004AF8BC /* Base */ = {isa = PBXFileReference; lastKnownFileType = file.storyboard; name = Base; path = Base.lproj/LaunchScreen.storyboard; sourceTree = "<group>"; };
		9B3D0E642432A522004AF8BC /* Info.plist */ = {isa = PBXFileReference; lastKnownFileType = text.plist.xml; path = Info.plist; sourceTree = "<group>"; };
		9B3D0E692432A522004AF8BC /* bluetooth_app_simoTests.xctest */ = {isa = PBXFileReference; explicitFileType = wrapper.cfbundle; includeInIndex = 0; path = bluetooth_app_simoTests.xctest; sourceTree = BUILT_PRODUCTS_DIR; };
		9B3D0E6D2432A522004AF8BC /* bluetooth_app_simoTests.swift */ = {isa = PBXFileReference; lastKnownFileType = sourcecode.swift; path = bluetooth_app_simoTests.swift; sourceTree = "<group>"; };
		9B3D0E6F2432A522004AF8BC /* Info.plist */ = {isa = PBXFileReference; lastKnownFileType = text.plist.xml; path = Info.plist; sourceTree = "<group>"; };
		9B3D0E7A2432A572004AF8BC /* LoginViewController.swift */ = {isa = PBXFileReference; lastKnownFileType = sourcecode.swift; path = LoginViewController.swift; sourceTree = "<group>"; };
		9B3D0E7C2432A57F004AF8BC /* HomeViewController.swift */ = {isa = PBXFileReference; lastKnownFileType = sourcecode.swift; path = HomeViewController.swift; sourceTree = "<group>"; };
		9B3D0E8024336D70004AF8BC /* Utilities.swift */ = {isa = PBXFileReference; fileEncoding = 4; lastKnownFileType = sourcecode.swift; path = Utilities.swift; sourceTree = "<group>"; };
		9B42264C2433EA7100FF8989 /* GoogleService-Info.plist */ = {isa = PBXFileReference; fileEncoding = 4; lastKnownFileType = text.plist.xml; path = "GoogleService-Info.plist"; sourceTree = "<group>"; };
		9B42264E2433F98700FF8989 /* constants.swift */ = {isa = PBXFileReference; lastKnownFileType = sourcecode.swift; path = constants.swift; sourceTree = "<group>"; };
		9BBCD6882434BF68006B8243 /* SignUpViewController.swift */ = {isa = PBXFileReference; fileEncoding = 4; lastKnownFileType = sourcecode.swift; path = SignUpViewController.swift; sourceTree = "<group>"; };
		C94717267B19A81068D57A13 /* Pods-bluetooth_app_simo.debug.xcconfig */ = {isa = PBXFileReference; includeInIndex = 1; lastKnownFileType = text.xcconfig; name = "Pods-bluetooth_app_simo.debug.xcconfig"; path = "Target Support Files/Pods-bluetooth_app_simo/Pods-bluetooth_app_simo.debug.xcconfig"; sourceTree = "<group>"; };
/* End PBXFileReference section */

/* Begin PBXFrameworksBuildPhase section */
		9B3D0E502432A51F004AF8BC /* Frameworks */ = {
			isa = PBXFrameworksBuildPhase;
			buildActionMask = 2147483647;
			files = (
				9B3BF3CBBE93C71C6F30C258 /* Pods_bluetooth_app_simo.framework in Frameworks */,
			);
			runOnlyForDeploymentPostprocessing = 0;
		};
		9B3D0E662432A522004AF8BC /* Frameworks */ = {
			isa = PBXFrameworksBuildPhase;
			buildActionMask = 2147483647;
			files = (
			);
			runOnlyForDeploymentPostprocessing = 0;
		};
/* End PBXFrameworksBuildPhase section */

/* Begin PBXGroup section */
		85285DB22D977B2E93F082D8 /* Pods */ = {
			isa = PBXGroup;
			children = (
				C94717267B19A81068D57A13 /* Pods-bluetooth_app_simo.debug.xcconfig */,
				1A97580693A21354E938218B /* Pods-bluetooth_app_simo.release.xcconfig */,
			);
			path = Pods;
			sourceTree = "<group>";
		};
		9B3D0E4A2432A51F004AF8BC = {
			isa = PBXGroup;
			children = (
				9B3D0E552432A51F004AF8BC /* bluetooth_app_simo */,
				9B3D0E6C2432A522004AF8BC /* bluetooth_app_simoTests */,
				9B3D0E542432A51F004AF8BC /* Products */,
				85285DB22D977B2E93F082D8 /* Pods */,
				E3627FE5D2509F54527B736A /* Frameworks */,
			);
			sourceTree = "<group>";
		};
		9B3D0E542432A51F004AF8BC /* Products */ = {
			isa = PBXGroup;
			children = (
				9B3D0E532432A51F004AF8BC /* bluetooth_app.app */,
				9B3D0E692432A522004AF8BC /* bluetooth_app_simoTests.xctest */,
			);
			name = Products;
			sourceTree = "<group>";
		};
		9B3D0E552432A51F004AF8BC /* bluetooth_app_simo */ = {
			isa = PBXGroup;
			children = (
				9B3D0E7F24336D60004AF8BC /* Helpers */,
				9B3D0E7E2432A589004AF8BC /* View Controllers */,
				9B3D0E562432A51F004AF8BC /* AppDelegate.swift */,
				9B3D0E582432A51F004AF8BC /* SceneDelegate.swift */,
				9B3D0E5C2432A51F004AF8BC /* Main.storyboard */,
				9B3D0E5F2432A522004AF8BC /* Assets.xcassets */,
				9B3D0E612432A522004AF8BC /* LaunchScreen.storyboard */,
				9B42264C2433EA7100FF8989 /* GoogleService-Info.plist */,
				9B3D0E642432A522004AF8BC /* Info.plist */,
			);
			path = bluetooth_app_simo;
			sourceTree = "<group>";
		};
		9B3D0E6C2432A522004AF8BC /* bluetooth_app_simoTests */ = {
			isa = PBXGroup;
			children = (
				9B3D0E6D2432A522004AF8BC /* bluetooth_app_simoTests.swift */,
				9B3D0E6F2432A522004AF8BC /* Info.plist */,
			);
			path = bluetooth_app_simoTests;
			sourceTree = "<group>";
		};
		9B3D0E7E2432A589004AF8BC /* View Controllers */ = {
			isa = PBXGroup;
			children = (
				9BBCD6882434BF68006B8243 /* SignUpViewController.swift */,
				9B3D0E5A2432A51F004AF8BC /* ViewController.swift */,
				9B3D0E7C2432A57F004AF8BC /* HomeViewController.swift */,
				9B3D0E7A2432A572004AF8BC /* LoginViewController.swift */,
			);
			path = "View Controllers";
			sourceTree = "<group>";
		};
		9B3D0E7F24336D60004AF8BC /* Helpers */ = {
			isa = PBXGroup;
			children = (
				9B3D0E8024336D70004AF8BC /* Utilities.swift */,
				9B42264E2433F98700FF8989 /* constants.swift */,
			);
			path = Helpers;
			sourceTree = "<group>";
		};
		E3627FE5D2509F54527B736A /* Frameworks */ = {
			isa = PBXGroup;
			children = (
				2DA157FB939578C8D2AE35DD /* Pods_bluetooth_app_simo.framework */,
			);
			name = Frameworks;
			sourceTree = "<group>";
		};
/* End PBXGroup section */

/* Begin PBXNativeTarget section */
		9B3D0E522432A51F004AF8BC /* bluetooth_app_simo */ = {
			isa = PBXNativeTarget;
			buildConfigurationList = 9B3D0E722432A522004AF8BC /* Build configuration list for PBXNativeTarget "bluetooth_app_simo" */;
			buildPhases = (
				CA9F29F3544131570F774FFB /* [CP] Check Pods Manifest.lock */,
				9B3D0E4F2432A51F004AF8BC /* Sources */,
				9B3D0E502432A51F004AF8BC /* Frameworks */,
				9B3D0E512432A51F004AF8BC /* Resources */,
				B5A4D446512AE3D7BC8C9645 /* [CP] Embed Pods Frameworks */,
			);
			buildRules = (
			);
			dependencies = (
			);
			name = bluetooth_app_simo;
			productName = bluetooth_app_simo;
			productReference = 9B3D0E532432A51F004AF8BC /* bluetooth_app.app */;
			productType = "com.apple.product-type.application";
		};
		9B3D0E682432A522004AF8BC /* bluetooth_app_simoTests */ = {
			isa = PBXNativeTarget;
			buildConfigurationList = 9B3D0E752432A522004AF8BC /* Build configuration list for PBXNativeTarget "bluetooth_app_simoTests" */;
			buildPhases = (
				9B3D0E652432A522004AF8BC /* Sources */,
				9B3D0E662432A522004AF8BC /* Frameworks */,
				9B3D0E672432A522004AF8BC /* Resources */,
			);
			buildRules = (
			);
			dependencies = (
				9B3D0E6B2432A522004AF8BC /* PBXTargetDependency */,
			);
			name = bluetooth_app_simoTests;
			productName = bluetooth_app_simoTests;
			productReference = 9B3D0E692432A522004AF8BC /* bluetooth_app_simoTests.xctest */;
			productType = "com.apple.product-type.bundle.unit-test";
		};
/* End PBXNativeTarget section */

/* Begin PBXProject section */
		9B3D0E4B2432A51F004AF8BC /* Project object */ = {
			isa = PBXProject;
			attributes = {
				LastSwiftUpdateCheck = 1130;
				LastUpgradeCheck = 1130;
				ORGANIZATIONNAME = "Simone ";
				TargetAttributes = {
					9B3D0E522432A51F004AF8BC = {
						CreatedOnToolsVersion = 11.3.1;
					};
					9B3D0E682432A522004AF8BC = {
						CreatedOnToolsVersion = 11.3.1;
						TestTargetID = 9B3D0E522432A51F004AF8BC;
					};
				};
			};
			buildConfigurationList = 9B3D0E4E2432A51F004AF8BC /* Build configuration list for PBXProject "bluetooth_app_simo" */;
			compatibilityVersion = "Xcode 9.3";
			developmentRegion = en;
			hasScannedForEncodings = 0;
			knownRegions = (
				en,
				Base,
			);
			mainGroup = 9B3D0E4A2432A51F004AF8BC;
			productRefGroup = 9B3D0E542432A51F004AF8BC /* Products */;
			projectDirPath = "";
			projectRoot = "";
			targets = (
				9B3D0E522432A51F004AF8BC /* bluetooth_app_simo */,
				9B3D0E682432A522004AF8BC /* bluetooth_app_simoTests */,
			);
		};
/* End PBXProject section */

/* Begin PBXResourcesBuildPhase section */
		9B3D0E512432A51F004AF8BC /* Resources */ = {
			isa = PBXResourcesBuildPhase;
			buildActionMask = 2147483647;
			files = (
				9B3D0E632432A522004AF8BC /* LaunchScreen.storyboard in Resources */,
				9B42264D2433EA7100FF8989 /* GoogleService-Info.plist in Resources */,
				9B3D0E602432A522004AF8BC /* Assets.xcassets in Resources */,
				9B3D0E5E2432A51F004AF8BC /* Main.storyboard in Resources */,
			);
			runOnlyForDeploymentPostprocessing = 0;
		};
		9B3D0E672432A522004AF8BC /* Resources */ = {
			isa = PBXResourcesBuildPhase;
			buildActionMask = 2147483647;
			files = (
			);
			runOnlyForDeploymentPostprocessing = 0;
		};
/* End PBXResourcesBuildPhase section */

/* Begin PBXShellScriptBuildPhase section */
		B5A4D446512AE3D7BC8C9645 /* [CP] Embed Pods Frameworks */ = {
			isa = PBXShellScriptBuildPhase;
			buildActionMask = 2147483647;
			files = (
			);
			inputFileListPaths = (
				"${PODS_ROOT}/Target Support Files/Pods-bluetooth_app_simo/Pods-bluetooth_app_simo-frameworks-${CONFIGURATION}-input-files.xcfilelist",
			);
			name = "[CP] Embed Pods Frameworks";
			outputFileListPaths = (
				"${PODS_ROOT}/Target Support Files/Pods-bluetooth_app_simo/Pods-bluetooth_app_simo-frameworks-${CONFIGURATION}-output-files.xcfilelist",
			);
			runOnlyForDeploymentPostprocessing = 0;
			shellPath = /bin/sh;
			shellScript = "\"${PODS_ROOT}/Target Support Files/Pods-bluetooth_app_simo/Pods-bluetooth_app_simo-frameworks.sh\"\n";
			showEnvVarsInLog = 0;
		};
		CA9F29F3544131570F774FFB /* [CP] Check Pods Manifest.lock */ = {
			isa = PBXShellScriptBuildPhase;
			buildActionMask = 2147483647;
			files = (
			);
			inputFileListPaths = (
			);
			inputPaths = (
				"${PODS_PODFILE_DIR_PATH}/Podfile.lock",
				"${PODS_ROOT}/Manifest.lock",
			);
			name = "[CP] Check Pods Manifest.lock";
			outputFileListPaths = (
			);
			outputPaths = (
				"$(DERIVED_FILE_DIR)/Pods-bluetooth_app_simo-checkManifestLockResult.txt",
			);
			runOnlyForDeploymentPostprocessing = 0;
			shellPath = /bin/sh;
			shellScript = "diff \"${PODS_PODFILE_DIR_PATH}/Podfile.lock\" \"${PODS_ROOT}/Manifest.lock\" > /dev/null\nif [ $? != 0 ] ; then\n    # print error to STDERR\n    echo \"error: The sandbox is not in sync with the Podfile.lock. Run 'pod install' or update your CocoaPods installation.\" >&2\n    exit 1\nfi\n# This output is used by Xcode 'outputs' to avoid re-running this script phase.\necho \"SUCCESS\" > \"${SCRIPT_OUTPUT_FILE_0}\"\n";
			showEnvVarsInLog = 0;
		};
/* End PBXShellScriptBuildPhase section */

/* Begin PBXSourcesBuildPhase section */
		9B3D0E4F2432A51F004AF8BC /* Sources */ = {
			isa = PBXSourcesBuildPhase;
			buildActionMask = 2147483647;
			files = (
				9B3D0E5B2432A51F004AF8BC /* ViewController.swift in Sources */,
				9B3D0E572432A51F004AF8BC /* AppDelegate.swift in Sources */,
				9BBCD6892434BF68006B8243 /* SignUpViewController.swift in Sources */,
				9B3D0E8124336D70004AF8BC /* Utilities.swift in Sources */,
				9B3D0E7B2432A572004AF8BC /* LoginViewController.swift in Sources */,
				9B3D0E592432A51F004AF8BC /* SceneDelegate.swift in Sources */,
				9B3D0E7D2432A57F004AF8BC /* HomeViewController.swift in Sources */,
				9B42264F2433F98700FF8989 /* constants.swift in Sources */,
			);
			runOnlyForDeploymentPostprocessing = 0;
		};
		9B3D0E652432A522004AF8BC /* Sources */ = {
			isa = PBXSourcesBuildPhase;
			buildActionMask = 2147483647;
			files = (
				9B3D0E6E2432A522004AF8BC /* bluetooth_app_simoTests.swift in Sources */,
			);
			runOnlyForDeploymentPostprocessing = 0;
		};
/* End PBXSourcesBuildPhase section */

/* Begin PBXTargetDependency section */
		9B3D0E6B2432A522004AF8BC /* PBXTargetDependency */ = {
			isa = PBXTargetDependency;
			target = 9B3D0E522432A51F004AF8BC /* bluetooth_app_simo */;
			targetProxy = 9B3D0E6A2432A522004AF8BC /* PBXContainerItemProxy */;
		};
/* End PBXTargetDependency section */

/* Begin PBXVariantGroup section */
		9B3D0E5C2432A51F004AF8BC /* Main.storyboard */ = {
			isa = PBXVariantGroup;
			children = (
				9B3D0E5D2432A51F004AF8BC /* Base */,
			);
			name = Main.storyboard;
			sourceTree = "<group>";
		};
		9B3D0E612432A522004AF8BC /* LaunchScreen.storyboard */ = {
			isa = PBXVariantGroup;
			children = (
				9B3D0E622432A522004AF8BC /* Base */,
			);
			name = LaunchScreen.storyboard;
			sourceTree = "<group>";
		};
/* End PBXVariantGroup section */

/* Begin XCBuildConfiguration section */
		9B3D0E702432A522004AF8BC /* Debug */ = {
			isa = XCBuildConfiguration;
			buildSettings = {
				ALWAYS_SEARCH_USER_PATHS = NO;
				CLANG_ANALYZER_NONNULL = YES;
				CLANG_ANALYZER_NUMBER_OBJECT_CONVERSION = YES_AGGRESSIVE;
				CLANG_CXX_LANGUAGE_STANDARD = "gnu++14";
				CLANG_CXX_LIBRARY = "libc++";
				CLANG_ENABLE_MODULES = YES;
				CLANG_ENABLE_OBJC_ARC = YES;
				CLANG_ENABLE_OBJC_WEAK = YES;
				CLANG_WARN_BLOCK_CAPTURE_AUTORELEASING = YES;
				CLANG_WARN_BOOL_CONVERSION = YES;
				CLANG_WARN_COMMA = YES;
				CLANG_WARN_CONSTANT_CONVERSION = YES;
				CLANG_WARN_DEPRECATED_OBJC_IMPLEMENTATIONS = YES;
				CLANG_WARN_DIRECT_OBJC_ISA_USAGE = YES_ERROR;
				CLANG_WARN_DOCUMENTATION_COMMENTS = YES;
				CLANG_WARN_EMPTY_BODY = YES;
				CLANG_WARN_ENUM_CONVERSION = YES;
				CLANG_WARN_INFINITE_RECURSION = YES;
				CLANG_WARN_INT_CONVERSION = YES;
				CLANG_WARN_NON_LITERAL_NULL_CONVERSION = YES;
				CLANG_WARN_OBJC_IMPLICIT_RETAIN_SELF = YES;
				CLANG_WARN_OBJC_LITERAL_CONVERSION = YES;
				CLANG_WARN_OBJC_ROOT_CLASS = YES_ERROR;
				CLANG_WARN_RANGE_LOOP_ANALYSIS = YES;
				CLANG_WARN_STRICT_PROTOTYPES = YES;
				CLANG_WARN_SUSPICIOUS_MOVE = YES;
				CLANG_WARN_UNGUARDED_AVAILABILITY = YES_AGGRESSIVE;
				CLANG_WARN_UNREACHABLE_CODE = YES;
				CLANG_WARN__DUPLICATE_METHOD_MATCH = YES;
				COPY_PHASE_STRIP = NO;
				DEBUG_INFORMATION_FORMAT = dwarf;
				ENABLE_STRICT_OBJC_MSGSEND = YES;
				ENABLE_TESTABILITY = YES;
				GCC_C_LANGUAGE_STANDARD = gnu11;
				GCC_DYNAMIC_NO_PIC = NO;
				GCC_NO_COMMON_BLOCKS = YES;
				GCC_OPTIMIZATION_LEVEL = 0;
				GCC_PREPROCESSOR_DEFINITIONS = (
					"DEBUG=1",
					"$(inherited)",
				);
				GCC_WARN_64_TO_32_BIT_CONVERSION = YES;
				GCC_WARN_ABOUT_RETURN_TYPE = YES_ERROR;
				GCC_WARN_UNDECLARED_SELECTOR = YES;
				GCC_WARN_UNINITIALIZED_AUTOS = YES_AGGRESSIVE;
				GCC_WARN_UNUSED_FUNCTION = YES;
				GCC_WARN_UNUSED_VARIABLE = YES;
				IPHONEOS_DEPLOYMENT_TARGET = 13.2;
				MTL_ENABLE_DEBUG_INFO = INCLUDE_SOURCE;
				MTL_FAST_MATH = YES;
				ONLY_ACTIVE_ARCH = YES;
				SDKROOT = iphoneos;
				SWIFT_ACTIVE_COMPILATION_CONDITIONS = DEBUG;
				SWIFT_OPTIMIZATION_LEVEL = "-Onone";
			};
			name = Debug;
		};
		9B3D0E712432A522004AF8BC /* Release */ = {
			isa = XCBuildConfiguration;
			buildSettings = {
				ALWAYS_SEARCH_USER_PATHS = NO;
				CLANG_ANALYZER_NONNULL = YES;
				CLANG_ANALYZER_NUMBER_OBJECT_CONVERSION = YES_AGGRESSIVE;
				CLANG_CXX_LANGUAGE_STANDARD = "gnu++14";
				CLANG_CXX_LIBRARY = "libc++";
				CLANG_ENABLE_MODULES = YES;
				CLANG_ENABLE_OBJC_ARC = YES;
				CLANG_ENABLE_OBJC_WEAK = YES;
				CLANG_WARN_BLOCK_CAPTURE_AUTORELEASING = YES;
				CLANG_WARN_BOOL_CONVERSION = YES;
				CLANG_WARN_COMMA = YES;
				CLANG_WARN_CONSTANT_CONVERSION = YES;
				CLANG_WARN_DEPRECATED_OBJC_IMPLEMENTATIONS = YES;
				CLANG_WARN_DIRECT_OBJC_ISA_USAGE = YES_ERROR;
				CLANG_WARN_DOCUMENTATION_COMMENTS = YES;
				CLANG_WARN_EMPTY_BODY = YES;
				CLANG_WARN_ENUM_CONVERSION = YES;
				CLANG_WARN_INFINITE_RECURSION = YES;
				CLANG_WARN_INT_CONVERSION = YES;
				CLANG_WARN_NON_LITERAL_NULL_CONVERSION = YES;
				CLANG_WARN_OBJC_IMPLICIT_RETAIN_SELF = YES;
				CLANG_WARN_OBJC_LITERAL_CONVERSION = YES;
				CLANG_WARN_OBJC_ROOT_CLASS = YES_ERROR;
				CLANG_WARN_RANGE_LOOP_ANALYSIS = YES;
				CLANG_WARN_STRICT_PROTOTYPES = YES;
				CLANG_WARN_SUSPICIOUS_MOVE = YES;
				CLANG_WARN_UNGUARDED_AVAILABILITY = YES_AGGRESSIVE;
				CLANG_WARN_UNREACHABLE_CODE = YES;
				CLANG_WARN__DUPLICATE_METHOD_MATCH = YES;
				COPY_PHASE_STRIP = NO;
				DEBUG_INFORMATION_FORMAT = "dwarf-with-dsym";
				ENABLE_NS_ASSERTIONS = NO;
				ENABLE_STRICT_OBJC_MSGSEND = YES;
				GCC_C_LANGUAGE_STANDARD = gnu11;
				GCC_NO_COMMON_BLOCKS = YES;
				GCC_WARN_64_TO_32_BIT_CONVERSION = YES;
				GCC_WARN_ABOUT_RETURN_TYPE = YES_ERROR;
				GCC_WARN_UNDECLARED_SELECTOR = YES;
				GCC_WARN_UNINITIALIZED_AUTOS = YES_AGGRESSIVE;
				GCC_WARN_UNUSED_FUNCTION = YES;
				GCC_WARN_UNUSED_VARIABLE = YES;
				IPHONEOS_DEPLOYMENT_TARGET = 13.2;
				MTL_ENABLE_DEBUG_INFO = NO;
				MTL_FAST_MATH = YES;
				SDKROOT = iphoneos;
				SWIFT_COMPILATION_MODE = wholemodule;
				SWIFT_OPTIMIZATION_LEVEL = "-O";
				VALIDATE_PRODUCT = YES;
			};
			name = Release;
		};
		9B3D0E732432A522004AF8BC /* Debug */ = {
			isa = XCBuildConfiguration;
			baseConfigurationReference = C94717267B19A81068D57A13 /* Pods-bluetooth_app_simo.debug.xcconfig */;
			buildSettings = {
				ASSETCATALOG_COMPILER_APPICON_NAME = AppIcon;
				CODE_SIGN_STYLE = Automatic;
				INFOPLIST_FILE = bluetooth_app_simo/Info.plist;
				LD_RUNPATH_SEARCH_PATHS = (
					"$(inherited)",
					"@executable_path/Frameworks",
				);
				PRODUCT_BUNDLE_IDENTIFIER = "simonePatuelli.bluetooth-app";
				PRODUCT_NAME = bluetooth_app;
				SWIFT_VERSION = 5.0;
				TARGETED_DEVICE_FAMILY = "1,2";
			};
			name = Debug;
		};
		9B3D0E742432A522004AF8BC /* Release */ = {
			isa = XCBuildConfiguration;
			baseConfigurationReference = 1A97580693A21354E938218B /* Pods-bluetooth_app_simo.release.xcconfig */;
			buildSettings = {
				ASSETCATALOG_COMPILER_APPICON_NAME = AppIcon;
				CODE_SIGN_STYLE = Automatic;
				INFOPLIST_FILE = bluetooth_app_simo/Info.plist;
				LD_RUNPATH_SEARCH_PATHS = (
					"$(inherited)",
					"@executable_path/Frameworks",
				);
				PRODUCT_BUNDLE_IDENTIFIER = "simonePatuelli.bluetooth-app";
				PRODUCT_NAME = bluetooth_app;
				SWIFT_VERSION = 5.0;
				TARGETED_DEVICE_FAMILY = "1,2";
			};
			name = Release;
		};
		9B3D0E762432A522004AF8BC /* Debug */ = {
			isa = XCBuildConfiguration;
			buildSettings = {
				ALWAYS_EMBED_SWIFT_STANDARD_LIBRARIES = YES;
				BUNDLE_LOADER = "$(TEST_HOST)";
				CODE_SIGN_STYLE = Automatic;
				INFOPLIST_FILE = bluetooth_app_simoTests/Info.plist;
				IPHONEOS_DEPLOYMENT_TARGET = 13.2;
				LD_RUNPATH_SEARCH_PATHS = (
					"$(inherited)",
					"@executable_path/Frameworks",
					"@loader_path/Frameworks",
				);
				PRODUCT_BUNDLE_IDENTIFIER = "simonePatuelli.bluetooth-app-simoTests";
				PRODUCT_NAME = "$(TARGET_NAME)";
				SWIFT_VERSION = 5.0;
				TARGETED_DEVICE_FAMILY = "1,2";
				TEST_HOST = "$(BUILT_PRODUCTS_DIR)/bluetooth_app_simo.app/bluetooth_app_simo";
			};
			name = Debug;
		};
		9B3D0E772432A522004AF8BC /* Release */ = {
			isa = XCBuildConfiguration;
			buildSettings = {
				ALWAYS_EMBED_SWIFT_STANDARD_LIBRARIES = YES;
				BUNDLE_LOADER = "$(TEST_HOST)";
				CODE_SIGN_STYLE = Automatic;
				INFOPLIST_FILE = bluetooth_app_simoTests/Info.plist;
				IPHONEOS_DEPLOYMENT_TARGET = 13.2;
				LD_RUNPATH_SEARCH_PATHS = (
					"$(inherited)",
					"@executable_path/Frameworks",
					"@loader_path/Frameworks",
				);
				PRODUCT_BUNDLE_IDENTIFIER = "simonePatuelli.bluetooth-app-simoTests";
				PRODUCT_NAME = "$(TARGET_NAME)";
				SWIFT_VERSION = 5.0;
				TARGETED_DEVICE_FAMILY = "1,2";
				TEST_HOST = "$(BUILT_PRODUCTS_DIR)/bluetooth_app_simo.app/bluetooth_app_simo";
			};
			name = Release;
		};
/* End XCBuildConfiguration section */

/* Begin XCConfigurationList section */
		9B3D0E4E2432A51F004AF8BC /* Build configuration list for PBXProject "bluetooth_app_simo" */ = {
			isa = XCConfigurationList;
			buildConfigurations = (
				9B3D0E702432A522004AF8BC /* Debug */,
				9B3D0E712432A522004AF8BC /* Release */,
			);
			defaultConfigurationIsVisible = 0;
			defaultConfigurationName = Release;
		};
		9B3D0E722432A522004AF8BC /* Build configuration list for PBXNativeTarget "bluetooth_app_simo" */ = {
			isa = XCConfigurationList;
			buildConfigurations = (
				9B3D0E732432A522004AF8BC /* Debug */,
				9B3D0E742432A522004AF8BC /* Release */,
			);
			defaultConfigurationIsVisible = 0;
			defaultConfigurationName = Release;
		};
		9B3D0E752432A522004AF8BC /* Build configuration list for PBXNativeTarget "bluetooth_app_simoTests" */ = {
			isa = XCConfigurationList;
			buildConfigurations = (
				9B3D0E762432A522004AF8BC /* Debug */,
				9B3D0E772432A522004AF8BC /* Release */,
			);
			defaultConfigurationIsVisible = 0;
			defaultConfigurationName = Release;
		};
/* End XCConfigurationList section */
	};
	rootObject = 9B3D0E4B2432A51F004AF8BC /* Project object */;
}
